{
  "version": "4",
  "redirects": {
    "https://deno.land/std/http/server.ts": "https://deno.land/std@0.224.0/http/server.ts"
  },
  "remote": {
    "https://deno.land/std@0.224.0/async/delay.ts": "f90dd685b97c2f142b8069082993e437b1602b8e2561134827eeb7c12b95c499",
    "https://deno.land/std@0.224.0/http/server.ts": "f9313804bf6467a1704f45f76cb6cd0a3396a3b31c316035e6a4c2035d1ea514",
    "https://deno.land/std@0.97.0/_util/assert.ts": "2f868145a042a11d5ad0a3c748dcf580add8a0dbc0e876eaa0026303a5488f58",
    "https://deno.land/std@0.97.0/_util/os.ts": "e282950a0eaa96760c0cf11e7463e66babd15ec9157d4c9ed49cc0925686f6a7",
    "https://deno.land/std@0.97.0/fs/exists.ts": "b0d2e31654819cc2a8d37df45d6b14686c0cc1d802e9ff09e902a63e98b85a00",
    "https://deno.land/std@0.97.0/path/_constants.ts": "1247fee4a79b70c89f23499691ef169b41b6ccf01887a0abd131009c5581b853",
    "https://deno.land/std@0.97.0/path/_interface.ts": "1fa73b02aaa24867e481a48492b44f2598cd9dfa513c7b34001437007d3642e4",
    "https://deno.land/std@0.97.0/path/_util.ts": "2e06a3b9e79beaf62687196bd4b60a4c391d862cfa007a20fc3a39f778ba073b",
    "https://deno.land/std@0.97.0/path/common.ts": "eaf03d08b569e8a87e674e4e265e099f237472b6fd135b3cbeae5827035ea14a",
    "https://deno.land/std@0.97.0/path/glob.ts": "314ad9ff263b895795208cdd4d5e35a44618ca3c6dd155e226fb15d065008652",
    "https://deno.land/std@0.97.0/path/mod.ts": "4465dc494f271b02569edbb4a18d727063b5dbd6ed84283ff906260970a15d12",
    "https://deno.land/std@0.97.0/path/posix.ts": "f56c3c99feb47f30a40ce9d252ef6f00296fa7c0fcb6dd81211bdb3b8b99ca3b",
    "https://deno.land/std@0.97.0/path/separator.ts": "8fdcf289b1b76fd726a508f57d3370ca029ae6976fcde5044007f062e643ff1c",
    "https://deno.land/std@0.97.0/path/win32.ts": "77f7b3604e0de40f3a7c698e8a79e7f601dc187035a1c21cb1e596666ce112f8",
    "https://deno.land/std@0.99.0/_util/assert.ts": "2f868145a042a11d5ad0a3c748dcf580add8a0dbc0e876eaa0026303a5488f58",
    "https://deno.land/std@0.99.0/_util/has_own_property.ts": "f5edd94ed3f3c20c517d812045deb97977e18501c9b7105b5f5c11a31893d7a2",
    "https://deno.land/std@0.99.0/_util/os.ts": "e282950a0eaa96760c0cf11e7463e66babd15ec9157d4c9ed49cc0925686f6a7",
    "https://deno.land/std@0.99.0/async/deferred.ts": "624bef4b755b71394620508a0c234a93cb8020cbd1b04bfcdad41c174392cef6",
    "https://deno.land/std@0.99.0/async/delay.ts": "9de1d8d07d1927767ab7f82434b883f3d8294fb19cad819691a2ad81a728cf3d",
    "https://deno.land/std@0.99.0/async/mod.ts": "f24e4a94f9fb7de78e8345e9590e1bf23da28a212541970413a023094448031b",
    "https://deno.land/std@0.99.0/async/mux_async_iterator.ts": "62abff3af9ff619e8f2adc96fc70d4ca020fa48a50c23c13f12d02ed2b760dbe",
    "https://deno.land/std@0.99.0/async/pool.ts": "353ce4f91865da203a097aa6f33de8966340c91b6f4a055611c8c5d534afd12f",
    "https://deno.land/std@0.99.0/async/tee.ts": "6b8f1322b6dd2396202cfbe9cde9cab158d1e962cfd9197b0a97c6657bee79ce",
    "https://deno.land/std@0.99.0/bytes/bytes_list.ts": "a13287edb03f19d27ba4927dec6d6de3e5bd46254cd4aee6f7e5815810122673",
    "https://deno.land/std@0.99.0/bytes/mod.ts": "1ae1ccfe98c4b979f12b015982c7444f81fcb921bea7aa215bf37d84f46e1e13",
    "https://deno.land/std@0.99.0/datetime/formatter.ts": "bf7befcd2c55c3060be199ebc10e40f9c33aef6141c20f7c781d03beef25a49e",
    "https://deno.land/std@0.99.0/datetime/mod.ts": "c62a2c7e9d364f8d007f0f2496a4850a0f0790adb529de1988359d8d54f6103c",
    "https://deno.land/std@0.99.0/datetime/tokenizer.ts": "492bb6251e75e0c03d5a89a66bd2b03e08e9cbc298d51e002cf59378aaa32c48",
    "https://deno.land/std@0.99.0/fmt/colors.ts": "db22b314a2ae9430ae7460ce005e0a7130e23ae1c999157e3bb77cf55800f7e4",
    "https://deno.land/std@0.99.0/http/_io.ts": "f4446e433d8d0009851c7de20d594746de228399c382cbee65da30eb87e70827",
    "https://deno.land/std@0.99.0/http/cookie.ts": "5952a0a7973fcacb99fdcbe080b735a367194514217d2c6788f92a299c87136c",
    "https://deno.land/std@0.99.0/http/http_status.ts": "ebaa9bebfb8adc3d7b20c49e11037e4eefd79629ad80d81383933f4cdc91b3eb",
    "https://deno.land/std@0.99.0/http/server.ts": "39414681549353ebd0665e3df4145ee0a93a989cd0f55bed14fdb2c43d2faa3b",
    "https://deno.land/std@0.99.0/io/buffer.ts": "3ead6bb11276ebcf093c403f74f67fd2205a515dbbb9061862c468ca56f37cd8",
    "https://deno.land/std@0.99.0/io/bufio.ts": "82fe6a499cacf4604844472ccf328cb0a1c0571c0f83b5ee67e475018342b4ae",
    "https://deno.land/std@0.99.0/io/ioutil.ts": "3c6b7c8be3b8cd19746de028c40063193578612244a935dcc27be9f3ff343b0c",
    "https://deno.land/std@0.99.0/io/readers.ts": "17403919724fef2f343c88555606368868a5c752a1099ad801f6a381c170f62d",
    "https://deno.land/std@0.99.0/io/util.ts": "318be78b7954da25f0faffe123fef0d9423ea61af98467e860c06b60265eff6d",
    "https://deno.land/std@0.99.0/mime/multipart.ts": "f52b50c4d7c52a7ce4cc59e359c36085e7903073c9b06ed0064dd092cc3e3559",
    "https://deno.land/std@0.99.0/path/_constants.ts": "1247fee4a79b70c89f23499691ef169b41b6ccf01887a0abd131009c5581b853",
    "https://deno.land/std@0.99.0/path/_interface.ts": "1fa73b02aaa24867e481a48492b44f2598cd9dfa513c7b34001437007d3642e4",
    "https://deno.land/std@0.99.0/path/_util.ts": "2e06a3b9e79beaf62687196bd4b60a4c391d862cfa007a20fc3a39f778ba073b",
    "https://deno.land/std@0.99.0/path/common.ts": "eaf03d08b569e8a87e674e4e265e099f237472b6fd135b3cbeae5827035ea14a",
    "https://deno.land/std@0.99.0/path/glob.ts": "314ad9ff263b895795208cdd4d5e35a44618ca3c6dd155e226fb15d065008652",
    "https://deno.land/std@0.99.0/path/mod.ts": "4465dc494f271b02569edbb4a18d727063b5dbd6ed84283ff906260970a15d12",
    "https://deno.land/std@0.99.0/path/posix.ts": "f56c3c99feb47f30a40ce9d252ef6f00296fa7c0fcb6dd81211bdb3b8b99ca3b",
    "https://deno.land/std@0.99.0/path/separator.ts": "8fdcf289b1b76fd726a508f57d3370ca029ae6976fcde5044007f062e643ff1c",
    "https://deno.land/std@0.99.0/path/win32.ts": "77f7b3604e0de40f3a7c698e8a79e7f601dc187035a1c21cb1e596666ce112f8",
    "https://deno.land/std@0.99.0/testing/_diff.ts": "961eaf6d9f5b0a8556c9d835bbc6fa74f5addd7d3b02728ba7936ff93364f7a3",
    "https://deno.land/std@0.99.0/testing/asserts.ts": "289b6ccf3b422ffb311cbf56996960d6530f8d8c0a7281803764c5ec672f9f9c",
    "https://deno.land/std@0.99.0/textproto/mod.ts": "6e8430986393e3929720cec9c6668d75dee2ffd953886e842dc124c251cb86c8",
    "https://deno.land/x/abc@v1.3.3/_header.ts": "111617a83e956c74f2bb2c3ccbb0cc39801b13365c11c050e74d0b74d31546ac",
    "https://deno.land/x/abc@v1.3.3/_http_method.ts": "407c04d24eaee5ce9a1b00a9f1ef0d5b0b0cacfec080a98ece15ed8471ee9ef8",
    "https://deno.land/x/abc@v1.3.3/_mime.ts": "2e99da483808e154a430f59c66ae35920576b1bd63b26020d95dd811195e2711",
    "https://deno.land/x/abc@v1.3.3/app.ts": "1f53474297862c7f62e6d43ebab2d29cb094dab6f4c75830fb070ec750bf4a2d",
    "https://deno.land/x/abc@v1.3.3/constants.ts": "1c04ea5873f9540a1c227c70ebbf97f3f3c2751a88b98f035f7eccf6b3ae4201",
    "https://deno.land/x/abc@v1.3.3/context.ts": "ea13c47a98bc6316ea4593da186ee873150965a417bc6f6ea59ee647ab6551a1",
    "https://deno.land/x/abc@v1.3.3/group.ts": "e6d990a470cce002a9a00e5666a4960b552c3f82116522bb1bd2b64490309653",
    "https://deno.land/x/abc@v1.3.3/http_exception.ts": "45cd2e85f3f63f011af35064459d5180257766ebc4af981aef6c3a7fc9955ca3",
    "https://deno.land/x/abc@v1.3.3/mod.ts": "861cbdf90446f40afc7ddcaacbcb69e432e0970e6c6ea830ea80fd988de3a2e8",
    "https://deno.land/x/abc@v1.3.3/router.ts": "45be01701031eda4c95f9a68c6248014a4e939c2e9e0679d920867fe327a7da0",
    "https://deno.land/x/abc@v1.3.3/types.ts": "2e8a6ebbacf3c814b3b1f40d9b38a8833d8e41b55b67a23e5bbedf4edb51212a",
    "https://deno.land/x/abc@v1.3.3/util.ts": "8eb6a894461a1875132b4d380cf6e52396a5fbcc7e1cde4aa7d523183cadf51b",
    "https://deno.land/x/abc@v1.3.3/vendor/https/deno.land/std/fmt/colors.ts": "93696b8a09812be4b29b97f4d827ba2d51ad0616d0822a5238d762fd203b97bc",
    "https://deno.land/x/abc@v1.3.3/vendor/https/deno.land/std/http/cookie.ts": "78fb7a9bc4d69d7b0d987c03d68bf1e0f3f5711bf4a7da031aefc0daf712dc20",
    "https://deno.land/x/abc@v1.3.3/vendor/https/deno.land/std/http/http_status.ts": "002623248dd90bafa10ebff7e7054edeafaddac7e73ca8427c2d9ae630bfa317",
    "https://deno.land/x/abc@v1.3.3/vendor/https/deno.land/std/http/server.ts": "7499327efb3fb452b9ffe2385e2b863c474685177e420ef9f02e6cd267b958ea",
    "https://deno.land/x/abc@v1.3.3/vendor/https/deno.land/std/mime/multipart.ts": "54ae11cbdb7f97b70e604126dab62b95d5943ffedcd297299ad3971a40729091",
    "https://deno.land/x/abc@v1.3.3/vendor/https/deno.land/std/path/mod.ts": "58a5045f107db66313b8b07babc2072a3ff10d4f34df7d826979ae3998c12f7d",
    "https://deno.land/x/abc@v1.3.3/vendor/https/deno.land/x/router/mod.ts": "a12a329c0b5d04e409fc7ad9f202fd3f78ed494e0236c04eba98a02e69731707",
    "https://deno.land/x/eta@v2.0.0/compile-string.ts": "ecd6c10c1f826107758c1d7bbbb609cefeb98f0d6b1f6c7e1088d81febc07f9d",
    "https://deno.land/x/eta@v2.0.0/compile.ts": "f70e124ef6fc95a359b735dcf73dde5815b0f89611877f5c124f317e0dcff7bc",
    "https://deno.land/x/eta@v2.0.0/config.ts": "563d236f20ca9d79f2213447b0f2c5b53b99f46a73fcd6e9a84bd150632f6286",
    "https://deno.land/x/eta@v2.0.0/containers.ts": "c584fb0daa77c11d31ccb74256adad116354411d030378a04e9745c358a3a453",
    "https://deno.land/x/eta@v2.0.0/err.ts": "1b0b45e039ca98f66182e00988445d62a1aab859982b603d849b7d025a9d7458",
    "https://deno.land/x/eta@v2.0.0/file-handlers.ts": "96a637e47fbb43f064a852ea2d774ac7c635e661652f45f6282c64c49097a1ab",
    "https://deno.land/x/eta@v2.0.0/file-helpers.ts": "4f031d275be10888ce0b7f99e3509e8cbef24bb4d5f1ebb1760659e41bb538f0",
    "https://deno.land/x/eta@v2.0.0/file-methods.ts": "c93afbbfa82c318db65c4d6b4e7f617efc6f04d7c2603cfd07ee2768b80ae1f5",
    "https://deno.land/x/eta@v2.0.0/file-utils.ts": "8863edbdf6fa5ef5ae78fb37f9a3899e7331e1a4391a571337aac9d5cdc0e2db",
    "https://deno.land/x/eta@v2.0.0/mod.ts": "31219e28b55d1ff1777ef0e5513ea3588ebd5f220b512212334ec470030c2e39",
    "https://deno.land/x/eta@v2.0.0/parse.ts": "7515f9788f9e88ef98776101409b2e5f7d0b70f91c3f33fd219d038b5541278f",
    "https://deno.land/x/eta@v2.0.0/polyfills.ts": "048f697fdf0ef002cc59cf7a69cf370e11877c3b7f9c0b68dd84ab4762e0ffdc",
    "https://deno.land/x/eta@v2.0.0/render.ts": "c6bdc538cb9c2ffc1593ac7ce0fd55c711a65cd6a909b097c913ea47056badb4",
    "https://deno.land/x/eta@v2.0.0/storage.ts": "46f762d1c04d9095ed6fb694c0d993e9ae507a69bab469a5a3bd23a5a9a79983",
    "https://deno.land/x/eta@v2.0.0/utils.ts": "e30a240bded14fde639287c8fb1f826c86c22c50264f4c69a266100307c381a9",
    "https://deno.land/x/eta@v3.1.0/src/compile-string.ts": "4f66617fb16ba227fa211cf1dc5f201ff57b2183f74882d6f4d24bde23817e89",
    "https://deno.land/x/eta@v3.1.0/src/compile.ts": "146782227ddd5c423d07dedb2be40a2a5643c7429d9a3af5ac9a79c21bf7ae95",
    "https://deno.land/x/eta@v3.1.0/src/config.ts": "7e2971ba3ec4b31b5f1ae0ea71957f0a2b868285192be77836d65ca27adb4f90",
    "https://deno.land/x/eta@v3.1.0/src/core.ts": "b0f74d80ef0d42f5409297661279a86aec40c42efd0bd4bf31f8ee042d1fc01f",
    "https://deno.land/x/eta@v3.1.0/src/err.ts": "e9732b5f7fe729fed9d67868ff7d87ef1002d45d0a8a4e8f7fb1fa9ec2e2d50b",
    "https://deno.land/x/eta@v3.1.0/src/file-handling.ts": "ac54a84c4e73f47629d69725b8557080caf4e03cf34413b4a2a3f3a10c0abb25",
    "https://deno.land/x/eta@v3.1.0/src/index.ts": "fa1e18db556462293408c7a455b05b5253aae460c97811f88bb023cdc3f95f62",
    "https://deno.land/x/eta@v3.1.0/src/parse.ts": "8cb25b4ccf58ea7f08fe9835f7eb8bf45917d6d743d28d1e25cadc9fc908cb32",
    "https://deno.land/x/eta@v3.1.0/src/render.ts": "bfd57548d5fdae11c1c1683ff748783c1f85be3db3c24fcc80ce915692b004dd",
    "https://deno.land/x/eta@v3.1.0/src/storage.ts": "c40bd31cdd6f1218c86f70067282709e2f2c7fa7eea67547be950e1ed5d4bd4c",
    "https://deno.land/x/eta@v3.1.0/src/utils.ts": "1994c8d228195558fb6785fb00a97cf21a457df598a6ab1945170f7a4b7f00d9",
    "https://deno.land/x/router@v2.0.0/mod.ts": "8792d3c390e0446d89eb94ee8030dd20de18f2aba649e263d2832f3f150ea2ce"
  },
  "workspace": {
    "packageJson": {
      "dependencies": [
        "npm:@babel/parser@^7.26.3",
        "npm:@types/jest@^29.5.14",
        "npm:jest@^29.7.0",
        "npm:ts-jest@^29.2.5",
        "npm:ts-node@^10.9.2",
        "npm:typescript@^5.7.2"
      ]
    }
  }
}
